
Microsoft Visual Studio Solution File, Format Version 12.00
# Visual Studio 14
VisualStudioVersion = 14.0.24720.0
MinimumVisualStudioVersion = 10.0.40219.1
Project("{FAE04EC0-301F-11D3-BF4B-00C04F79EFBC}") = "Proctologist", "Proctologist\Proctologist.csproj", "{BDC035E9-9D8F-4F33-A1B2-39B169590955}"
EndProject
Project("{FAE04EC0-301F-11D3-BF4B-00C04F79EFBC}") = "Scoreboard", "Scoreboard\Scoreboard.csproj", "{CC4263FA-9526-44E0-8C71-E12205C30474}"
EndProject
Global
	GlobalSection(SolutionConfigurationPlatforms) = preSolution
		Debug|Any CPU = Debug|Any CPU
		Release|Any CPU = Release|Any CPU
	EndGlobalSection
	GlobalSection(ProjectConfigurationPlatforms) = postSolution
		{BDC035E9-9D8F-4F33-A1B2-39B169590955}.Debug|Any CPU.ActiveCfg = Debug|Any CPU
		{BDC035E9-9D8F-4F33-A1B2-39B169590955}.Debug|Any CPU.Build.0 = Debug|Any CPU
		{BDC035E9-9D8F-4F33-A1B2-39B169590955}.Release|Any CPU.ActiveCfg = Release|Any CPU
		{BDC035E9-9D8F-4F33-A1B2-39B169590955}.Release|Any CPU.Build.0 = Release|Any CPU
		{CC4263FA-9526-44E0-8C71-E12205C30474}.Debug|Any CPU.ActiveCfg = Debug|Any CPU
		{CC4263FA-9526-44E0-8C71-E12205C30474}.Debug|Any CPU.Build.0 = Debug|Any CPU
		{CC4263FA-9526-44E0-8C71-E12205C30474}.Release|Any CPU.ActiveCfg = Release|Any CPU
		{CC4263FA-9526-44E0-8C71-E12205C30474}.Release|Any CPU.Build.0 = Release|Any CPU
	EndGlobalSection
	GlobalSection(SolutionProperties) = preSolution
		HideSolutionNode = FALSE
	EndGlobalSection
EndGlobal
